
Microsoft Visual Studio Solution File, Format Version 12.00
# Visual Studio Version 16
VisualStudioVersion = 16.0.29418.71
MinimumVisualStudioVersion = 10.0.40219.1
Project("{FAE04EC0-301F-11D3-BF4B-00C04F79EFBC}") = "Builder", "Builder\Builder.csproj", "{564B0AFD-E0FE-48DD-A30F-959D035B40A5}"
EndProject
Project("{FAE04EC0-301F-11D3-BF4B-00C04F79EFBC}") = "Stub", "Stub\Stub.csproj", "{710C5000-6D91-4661-96D8-3AD13B7EBE6F}"
EndProject
Global
	GlobalSection(SolutionConfigurationPlatforms) = preSolution
		Debug|Any CPU = Debug|Any CPU
		Release|Any CPU = Release|Any CPU
	EndGlobalSection
	GlobalSection(ProjectConfigurationPlatforms) = postSolution
		{564B0AFD-E0FE-48DD-A30F-959D035B40A5}.Debug|Any CPU.ActiveCfg = Debug|Any CPU
		{564B0AFD-E0FE-48DD-A30F-959D035B40A5}.Debug|Any CPU.Build.0 = Debug|Any CPU
		{564B0AFD-E0FE-48DD-A30F-959D035B40A5}.Release|Any CPU.ActiveCfg = Release|Any CPU
		{564B0AFD-E0FE-48DD-A30F-959D035B40A5}.Release|Any CPU.Build.0 = Release|Any CPU
		{710C5000-6D91-4661-96D8-3AD13B7EBE6F}.Debug|Any CPU.ActiveCfg = Debug|Any CPU
		{710C5000-6D91-4661-96D8-3AD13B7EBE6F}.Debug|Any CPU.Build.0 = Debug|Any CPU
		{710C5000-6D91-4661-96D8-3AD13B7EBE6F}.Release|Any CPU.ActiveCfg = Release|Any CPU
		{710C5000-6D91-4661-96D8-3AD13B7EBE6F}.Release|Any CPU.Build.0 = Release|Any CPU
	EndGlobalSection
	GlobalSection(SolutionProperties) = preSolution
		HideSolutionNode = FALSE
	EndGlobalSection
	GlobalSection(ExtensibilityGlobals) = postSolution
		SolutionGuid = {80F0D57B-0D15-4B38-9E36-4763559F5788}
	EndGlobalSection
EndGlobal
